
Microsoft Visual Studio Solution File, Format Version 12.00
# Visual Studio Version 17
VisualStudioVersion = 17.4.33122.133
MinimumVisualStudioVersion = 10.0.40219.1
Project("{FAE04EC0-301F-11D3-BF4B-00C04F79EFBC}") = "Game2", "Game2.csproj", "{12835DFA-CCFC-47CE-AECB-99CC19B502D2}"
EndProject
Global
	GlobalSection(SolutionConfigurationPlatforms) = preSolution
		Debug|Any CPU = Debug|Any CPU
		Release|Any CPU = Release|Any CPU
	EndGlobalSection
	GlobalSection(ProjectConfigurationPlatforms) = postSolution
		{12835DFA-CCFC-47CE-AECB-99CC19B502D2}.Debug|Any CPU.ActiveCfg = Debug|Any CPU
		{12835DFA-CCFC-47CE-AECB-99CC19B502D2}.Debug|Any CPU.Build.0 = Debug|Any CPU
		{12835DFA-CCFC-47CE-AECB-99CC19B502D2}.Release|Any CPU.ActiveCfg = Release|Any CPU
		{12835DFA-CCFC-47CE-AECB-99CC19B502D2}.Release|Any CPU.Build.0 = Release|Any CPU
	EndGlobalSection
	GlobalSection(SolutionProperties) = preSolution
		HideSolutionNode = FALSE
	EndGlobalSection
	GlobalSection(ExtensibilityGlobals) = postSolution
		SolutionGuid = {B559B8BA-03DB-4EDB-A03C-8B560E6C05E7}
	EndGlobalSection
EndGlobal
